
Microsoft Visual Studio Solution File, Format Version 12.00
# Visual Studio Version 16
VisualStudioVersion = 16.0.31613.86
MinimumVisualStudioVersion = 10.0.40219.1
Project("{A07B5EB6-E848-4116-A8D0-A826331D98C6}") = "MyApplication", "MyApplication\MyApplication.sfproj", "{1770CD37-0211-4780-B9AE-178222931469}"
EndProject
Project("{FAE04EC0-301F-11D3-BF4B-00C04F79EFBC}") = "HelloWorld", "HelloWorld\HelloWorld.csproj", "{D0087E09-BC7D-4DA9-9313-96480C1085E1}"
EndProject
Project("{FAE04EC0-301F-11D3-BF4B-00C04F79EFBC}") = "HelloWorld.Interfaces", "HelloWorld.Interfaces\HelloWorld.Interfaces.csproj", "{58AEDFCB-4AE0-4761-B2A9-2BA877EE4005}"
EndProject
Project("{FAE04EC0-301F-11D3-BF4B-00C04F79EFBC}") = "UserProfileService", "UserProfileService\UserProfileService.csproj", "{BE1B84F5-1077-43B0-BE79-C20A8FB521E3}"
EndProject
Project("{FAE04EC0-301F-11D3-BF4B-00C04F79EFBC}") = "UserProfileService.Interfaces", "UserProfileService.Interfaces\UserProfileService.Interfaces.csproj", "{BC6094B1-669A-4235-9AEF-59281BB9411B}"
EndProject
Project("{FAE04EC0-301F-11D3-BF4B-00C04F79EFBC}") = "UserInterestsAPIService", "UserInterestsAPIService\UserInterestsAPIService.csproj", "{F297B3FB-AF96-41F7-AF1F-B16063610F8E}"
EndProject
Project("{9A19103F-16F7-4668-BE54-9A1E7A4F7556}") = "HelloClient", "HelloClient\HelloClient.csproj", "{EB61F09F-289E-4707-A0C2-E88D2E428EF4}"
EndProject
Global
	GlobalSection(SolutionConfigurationPlatforms) = preSolution
		Debug|Any CPU = Debug|Any CPU
		Debug|x64 = Debug|x64
		Release|Any CPU = Release|Any CPU
		Release|x64 = Release|x64
	EndGlobalSection
	GlobalSection(ProjectConfigurationPlatforms) = postSolution
		{1770CD37-0211-4780-B9AE-178222931469}.Debug|Any CPU.ActiveCfg = Debug|x64
		{1770CD37-0211-4780-B9AE-178222931469}.Debug|x64.ActiveCfg = Debug|x64
		{1770CD37-0211-4780-B9AE-178222931469}.Debug|x64.Build.0 = Debug|x64
		{1770CD37-0211-4780-B9AE-178222931469}.Debug|x64.Deploy.0 = Debug|x64
		{1770CD37-0211-4780-B9AE-178222931469}.Release|Any CPU.ActiveCfg = Release|x64
		{1770CD37-0211-4780-B9AE-178222931469}.Release|x64.ActiveCfg = Release|x64
		{1770CD37-0211-4780-B9AE-178222931469}.Release|x64.Build.0 = Release|x64
		{1770CD37-0211-4780-B9AE-178222931469}.Release|x64.Deploy.0 = Release|x64
		{D0087E09-BC7D-4DA9-9313-96480C1085E1}.Debug|Any CPU.ActiveCfg = Debug|Any CPU
		{D0087E09-BC7D-4DA9-9313-96480C1085E1}.Debug|Any CPU.Build.0 = Debug|Any CPU
		{D0087E09-BC7D-4DA9-9313-96480C1085E1}.Debug|x64.ActiveCfg = Debug|Any CPU
		{D0087E09-BC7D-4DA9-9313-96480C1085E1}.Debug|x64.Build.0 = Debug|Any CPU
		{D0087E09-BC7D-4DA9-9313-96480C1085E1}.Release|Any CPU.ActiveCfg = Release|Any CPU
		{D0087E09-BC7D-4DA9-9313-96480C1085E1}.Release|Any CPU.Build.0 = Release|Any CPU
		{D0087E09-BC7D-4DA9-9313-96480C1085E1}.Release|x64.ActiveCfg = Release|Any CPU
		{D0087E09-BC7D-4DA9-9313-96480C1085E1}.Release|x64.Build.0 = Release|Any CPU
		{58AEDFCB-4AE0-4761-B2A9-2BA877EE4005}.Debug|Any CPU.ActiveCfg = Debug|Any CPU
		{58AEDFCB-4AE0-4761-B2A9-2BA877EE4005}.Debug|Any CPU.Build.0 = Debug|Any CPU
		{58AEDFCB-4AE0-4761-B2A9-2BA877EE4005}.Debug|x64.ActiveCfg = Debug|Any CPU
		{58AEDFCB-4AE0-4761-B2A9-2BA877EE4005}.Debug|x64.Build.0 = Debug|Any CPU
		{58AEDFCB-4AE0-4761-B2A9-2BA877EE4005}.Release|Any CPU.ActiveCfg = Release|Any CPU
		{58AEDFCB-4AE0-4761-B2A9-2BA877EE4005}.Release|Any CPU.Build.0 = Release|Any CPU
		{58AEDFCB-4AE0-4761-B2A9-2BA877EE4005}.Release|x64.ActiveCfg = Release|Any CPU
		{58AEDFCB-4AE0-4761-B2A9-2BA877EE4005}.Release|x64.Build.0 = Release|Any CPU
		{BE1B84F5-1077-43B0-BE79-C20A8FB521E3}.Debug|Any CPU.ActiveCfg = Debug|Any CPU
		{BE1B84F5-1077-43B0-BE79-C20A8FB521E3}.Debug|Any CPU.Build.0 = Debug|Any CPU
		{BE1B84F5-1077-43B0-BE79-C20A8FB521E3}.Debug|x64.ActiveCfg = Debug|Any CPU
		{BE1B84F5-1077-43B0-BE79-C20A8FB521E3}.Debug|x64.Build.0 = Debug|Any CPU
		{BE1B84F5-1077-43B0-BE79-C20A8FB521E3}.Release|Any CPU.ActiveCfg = Release|Any CPU
		{BE1B84F5-1077-43B0-BE79-C20A8FB521E3}.Release|Any CPU.Build.0 = Release|Any CPU
		{BE1B84F5-1077-43B0-BE79-C20A8FB521E3}.Release|x64.ActiveCfg = Release|Any CPU
		{BE1B84F5-1077-43B0-BE79-C20A8FB521E3}.Release|x64.Build.0 = Release|Any CPU
		{BC6094B1-669A-4235-9AEF-59281BB9411B}.Debug|Any CPU.ActiveCfg = Debug|Any CPU
		{BC6094B1-669A-4235-9AEF-59281BB9411B}.Debug|Any CPU.Build.0 = Debug|Any CPU
		{BC6094B1-669A-4235-9AEF-59281BB9411B}.Debug|x64.ActiveCfg = Debug|Any CPU
		{BC6094B1-669A-4235-9AEF-59281BB9411B}.Debug|x64.Build.0 = Debug|Any CPU
		{BC6094B1-669A-4235-9AEF-59281BB9411B}.Release|Any CPU.ActiveCfg = Release|Any CPU
		{BC6094B1-669A-4235-9AEF-59281BB9411B}.Release|Any CPU.Build.0 = Release|Any CPU
		{BC6094B1-669A-4235-9AEF-59281BB9411B}.Release|x64.ActiveCfg = Release|Any CPU
		{BC6094B1-669A-4235-9AEF-59281BB9411B}.Release|x64.Build.0 = Release|Any CPU
		{F297B3FB-AF96-41F7-AF1F-B16063610F8E}.Debug|Any CPU.ActiveCfg = Debug|Any CPU
		{F297B3FB-AF96-41F7-AF1F-B16063610F8E}.Debug|Any CPU.Build.0 = Debug|Any CPU
		{F297B3FB-AF96-41F7-AF1F-B16063610F8E}.Debug|x64.ActiveCfg = Debug|Any CPU
		{F297B3FB-AF96-41F7-AF1F-B16063610F8E}.Debug|x64.Build.0 = Debug|Any CPU
		{F297B3FB-AF96-41F7-AF1F-B16063610F8E}.Release|Any CPU.ActiveCfg = Release|Any CPU
		{F297B3FB-AF96-41F7-AF1F-B16063610F8E}.Release|Any CPU.Build.0 = Release|Any CPU
		{F297B3FB-AF96-41F7-AF1F-B16063610F8E}.Release|x64.ActiveCfg = Release|Any CPU
		{F297B3FB-AF96-41F7-AF1F-B16063610F8E}.Release|x64.Build.0 = Release|Any CPU
		{EB61F09F-289E-4707-A0C2-E88D2E428EF4}.Debug|Any CPU.ActiveCfg = Debug|Any CPU
		{EB61F09F-289E-4707-A0C2-E88D2E428EF4}.Debug|Any CPU.Build.0 = Debug|Any CPU
		{EB61F09F-289E-4707-A0C2-E88D2E428EF4}.Debug|x64.ActiveCfg = Debug|Any CPU
		{EB61F09F-289E-4707-A0C2-E88D2E428EF4}.Debug|x64.Build.0 = Debug|Any CPU
		{EB61F09F-289E-4707-A0C2-E88D2E428EF4}.Release|Any CPU.ActiveCfg = Release|Any CPU
		{EB61F09F-289E-4707-A0C2-E88D2E428EF4}.Release|Any CPU.Build.0 = Release|Any CPU
		{EB61F09F-289E-4707-A0C2-E88D2E428EF4}.Release|x64.ActiveCfg = Release|Any CPU
		{EB61F09F-289E-4707-A0C2-E88D2E428EF4}.Release|x64.Build.0 = Release|Any CPU
	EndGlobalSection
	GlobalSection(SolutionProperties) = preSolution
		HideSolutionNode = FALSE
	EndGlobalSection
	GlobalSection(ExtensibilityGlobals) = postSolution
		SolutionGuid = {64A29913-16B3-454D-A718-F71F0BD29BA7}
	EndGlobalSection
EndGlobal
